
Microsoft Visual Studio Solution File, Format Version 12.00
# Visual Studio Version 17
VisualStudioVersion = 17.8.34330.188
MinimumVisualStudioVersion = 10.0.40219.1
Project("{FAE04EC0-301F-11D3-BF4B-00C04F79EFBC}") = "NKO.WindSpeedApp", "NKO.WindSpeedApp\NKO.WindSpeedApp.csproj", "{659D1E87-A00A-4A1D-B415-515D1CA5D5CB}"
EndProject
Global
	GlobalSection(SolutionConfigurationPlatforms) = preSolution
		Debug|Any CPU = Debug|Any CPU
		Release|Any CPU = Release|Any CPU
	EndGlobalSection
	GlobalSection(ProjectConfigurationPlatforms) = postSolution
		{659D1E87-A00A-4A1D-B415-515D1CA5D5CB}.Debug|Any CPU.ActiveCfg = Debug|Any CPU
		{659D1E87-A00A-4A1D-B415-515D1CA5D5CB}.Debug|Any CPU.Build.0 = Debug|Any CPU
		{659D1E87-A00A-4A1D-B415-515D1CA5D5CB}.Release|Any CPU.ActiveCfg = Release|Any CPU
		{659D1E87-A00A-4A1D-B415-515D1CA5D5CB}.Release|Any CPU.Build.0 = Release|Any CPU
	EndGlobalSection
	GlobalSection(SolutionProperties) = preSolution
		HideSolutionNode = FALSE
	EndGlobalSection
	GlobalSection(ExtensibilityGlobals) = postSolution
		SolutionGuid = {5481AA1A-4F61-4216-A155-4776B5E8792A}
	EndGlobalSection
EndGlobal
